// !$*UTF8*$!
{
	archiveVersion = 1;
	classes = {
	};
	objectVersion = 46;
	objects = {

/* Begin PBXBuildFile section */
		2FD9C5EF6BAFDEC7BE7C5898 /* Pods_BoschAssignmtUITests.framework in Frameworks */ = {isa = PBXBuildFile; fileRef = 398B6BB60A19A2C639D988F3 /* Pods_BoschAssignmtUITests.framework */; };
		967F8666A497764CD3D14063 /* Pods_BoschAssignmtTests.framework in Frameworks */ = {isa = PBXBuildFile; fileRef = 20B6BA1C4B98A8CC970B6D31 /* Pods_BoschAssignmtTests.framework */; };
		A435D739CA5EB86D2AB1155D /* Pods_BoschAssignmt.framework in Frameworks */ = {isa = PBXBuildFile; fileRef = A6A5CBA46310932DF04753C2 /* Pods_BoschAssignmt.framework */; };
		FD0C63D41E14395100F14C66 /* AppDelegate.swift in Sources */ = {isa = PBXBuildFile; fileRef = FD0C63D31E14395100F14C66 /* AppDelegate.swift */; };
		FD0C63D61E14395100F14C66 /* ViewController.swift in Sources */ = {isa = PBXBuildFile; fileRef = FD0C63D51E14395100F14C66 /* ViewController.swift */; };
		FD0C63D91E14395100F14C66 /* Main.storyboard in Resources */ = {isa = PBXBuildFile; fileRef = FD0C63D71E14395100F14C66 /* Main.storyboard */; };
		FD0C63DC1E14395100F14C66 /* BoschAssignmt.xcdatamodeld in Sources */ = {isa = PBXBuildFile; fileRef = FD0C63DA1E14395100F14C66 /* BoschAssignmt.xcdatamodeld */; };
		FD0C63DE1E14395100F14C66 /* Assets.xcassets in Resources */ = {isa = PBXBuildFile; fileRef = FD0C63DD1E14395100F14C66 /* Assets.xcassets */; };
		FD0C63E11E14395100F14C66 /* LaunchScreen.storyboard in Resources */ = {isa = PBXBuildFile; fileRef = FD0C63DF1E14395100F14C66 /* LaunchScreen.storyboard */; };
		FD0C63EC1E14395100F14C66 /* BoschAssignmtTests.swift in Sources */ = {isa = PBXBuildFile; fileRef = FD0C63EB1E14395100F14C66 /* BoschAssignmtTests.swift */; };
		FD0C63F71E14395100F14C66 /* BoschAssignmtUITests.swift in Sources */ = {isa = PBXBuildFile; fileRef = FD0C63F61E14395100F14C66 /* BoschAssignmtUITests.swift */; };
		FD0C64051E16176800F14C66 /* DatabaseController.swift in Sources */ = {isa = PBXBuildFile; fileRef = FD0C64041E16176800F14C66 /* DatabaseController.swift */; };
		FD0C641B1E1679D800F14C66 /* Admin+CoreDataClass.swift in Sources */ = {isa = PBXBuildFile; fileRef = FD0C64151E1679D800F14C66 /* Admin+CoreDataClass.swift */; };
		FD0C641C1E1679D800F14C66 /* Admin+CoreDataProperties.swift in Sources */ = {isa = PBXBuildFile; fileRef = FD0C64161E1679D800F14C66 /* Admin+CoreDataProperties.swift */; };
		FD0C641D1E1679D800F14C66 /* User+CoreDataClass.swift in Sources */ = {isa = PBXBuildFile; fileRef = FD0C64171E1679D800F14C66 /* User+CoreDataClass.swift */; };
		FD0C641E1E1679D800F14C66 /* User+CoreDataProperties.swift in Sources */ = {isa = PBXBuildFile; fileRef = FD0C64181E1679D800F14C66 /* User+CoreDataProperties.swift */; };
		FD0C641F1E1679D800F14C66 /* UserDetails+CoreDataClass.swift in Sources */ = {isa = PBXBuildFile; fileRef = FD0C64191E1679D800F14C66 /* UserDetails+CoreDataClass.swift */; };
		FD0C64201E1679D800F14C66 /* UserDetails+CoreDataProperties.swift in Sources */ = {isa = PBXBuildFile; fileRef = FD0C641A1E1679D800F14C66 /* UserDetails+CoreDataProperties.swift */; };
		FD0C64231E16955900F14C66 /* UserLoginViewController.swift in Sources */ = {isa = PBXBuildFile; fileRef = FD0C64221E16955900F14C66 /* UserLoginViewController.swift */; };
		FD0C64251E169ABB00F14C66 /* RegistrationViewController.swift in Sources */ = {isa = PBXBuildFile; fileRef = FD0C64241E169ABB00F14C66 /* RegistrationViewController.swift */; };
		FD0C64271E16D53D00F14C66 /* TruckMapViewController.swift in Sources */ = {isa = PBXBuildFile; fileRef = FD0C64261E16D53D00F14C66 /* TruckMapViewController.swift */; };
		FD0C642D1E18C8F700F14C66 /* UserRegistrationTableViewController.swift in Sources */ = {isa = PBXBuildFile; fileRef = FD0C642C1E18C8F700F14C66 /* UserRegistrationTableViewController.swift */; };
		FD0C642F1E18DD7300F14C66 /* AdminUserSelectionViewController.swift in Sources */ = {isa = PBXBuildFile; fileRef = FD0C642E1E18DD7300F14C66 /* AdminUserSelectionViewController.swift */; };
		FD0C64441E19875600F14C66 /* Run+CoreDataClass.swift in Sources */ = {isa = PBXBuildFile; fileRef = FD0C64401E19875600F14C66 /* Run+CoreDataClass.swift */; };
		FD0C64451E19875600F14C66 /* Run+CoreDataProperties.swift in Sources */ = {isa = PBXBuildFile; fileRef = FD0C64411E19875600F14C66 /* Run+CoreDataProperties.swift */; };
		FD0C64461E19875600F14C66 /* Location+CoreDataClass.swift in Sources */ = {isa = PBXBuildFile; fileRef = FD0C64421E19875600F14C66 /* Location+CoreDataClass.swift */; };
		FD0C64471E19875600F14C66 /* Location+CoreDataProperties.swift in Sources */ = {isa = PBXBuildFile; fileRef = FD0C64431E19875600F14C66 /* Location+CoreDataProperties.swift */; };
/* End PBXBuildFile section */

/* Begin PBXContainerItemProxy section */
		FD0C63E81E14395100F14C66 /* PBXContainerItemProxy */ = {
			isa = PBXContainerItemProxy;
			containerPortal = FD0C63C81E14395100F14C66 /* Project object */;
			proxyType = 1;
			remoteGlobalIDString = FD0C63CF1E14395100F14C66;
			remoteInfo = BoschAssignmt;
		};
		FD0C63F31E14395100F14C66 /* PBXContainerItemProxy */ = {
			isa = PBXContainerItemProxy;
			containerPortal = FD0C63C81E14395100F14C66 /* Project object */;
			proxyType = 1;
			remoteGlobalIDString = FD0C63CF1E14395100F14C66;
			remoteInfo = BoschAssignmt;
		};
/* End PBXContainerItemProxy section */

/* Begin PBXFileReference section */
		1EAA4E5CF8487EE9E5D5A365 /* Pods-BoschAssignmtTests.debug.xcconfig */ = {isa = PBXFileReference; includeInIndex = 1; lastKnownFileType = text.xcconfig; name = "Pods-BoschAssignmtTests.debug.xcconfig"; path = "Pods/Target Support Files/Pods-BoschAssignmtTests/Pods-BoschAssignmtTests.debug.xcconfig"; sourceTree = "<group>"; };
		20B6BA1C4B98A8CC970B6D31 /* Pods_BoschAssignmtTests.framework */ = {isa = PBXFileReference; explicitFileType = wrapper.framework; includeInIndex = 0; path = Pods_BoschAssignmtTests.framework; sourceTree = BUILT_PRODUCTS_DIR; };
		398B6BB60A19A2C639D988F3 /* Pods_BoschAssignmtUITests.framework */ = {isa = PBXFileReference; explicitFileType = wrapper.framework; includeInIndex = 0; path = Pods_BoschAssignmtUITests.framework; sourceTree = BUILT_PRODUCTS_DIR; };
		671BC25663F507230C1B9D8E /* Pods-BoschAssignmtUITests.release.xcconfig */ = {isa = PBXFileReference; includeInIndex = 1; lastKnownFileType = text.xcconfig; name = "Pods-BoschAssignmtUITests.release.xcconfig"; path = "Pods/Target Support Files/Pods-BoschAssignmtUITests/Pods-BoschAssignmtUITests.release.xcconfig"; sourceTree = "<group>"; };
		7B30E41744D0B3CD802F40ED /* Pods-BoschAssignmt.release.xcconfig */ = {isa = PBXFileReference; includeInIndex = 1; lastKnownFileType = text.xcconfig; name = "Pods-BoschAssignmt.release.xcconfig"; path = "Pods/Target Support Files/Pods-BoschAssignmt/Pods-BoschAssignmt.release.xcconfig"; sourceTree = "<group>"; };
		8F9A92CA468989BFCED3F00D /* Pods-BoschAssignmtTests.release.xcconfig */ = {isa = PBXFileReference; includeInIndex = 1; lastKnownFileType = text.xcconfig; name = "Pods-BoschAssignmtTests.release.xcconfig"; path = "Pods/Target Support Files/Pods-BoschAssignmtTests/Pods-BoschAssignmtTests.release.xcconfig"; sourceTree = "<group>"; };
		9370508CF04D58621AF447DD /* Pods-BoschAssignmtUITests.debug.xcconfig */ = {isa = PBXFileReference; includeInIndex = 1; lastKnownFileType = text.xcconfig; name = "Pods-BoschAssignmtUITests.debug.xcconfig"; path = "Pods/Target Support Files/Pods-BoschAssignmtUITests/Pods-BoschAssignmtUITests.debug.xcconfig"; sourceTree = "<group>"; };
		A6A5CBA46310932DF04753C2 /* Pods_BoschAssignmt.framework */ = {isa = PBXFileReference; explicitFileType = wrapper.framework; includeInIndex = 0; path = Pods_BoschAssignmt.framework; sourceTree = BUILT_PRODUCTS_DIR; };
		F8EC8660B377CDD821096EB8 /* Pods-BoschAssignmt.debug.xcconfig */ = {isa = PBXFileReference; includeInIndex = 1; lastKnownFileType = text.xcconfig; name = "Pods-BoschAssignmt.debug.xcconfig"; path = "Pods/Target Support Files/Pods-BoschAssignmt/Pods-BoschAssignmt.debug.xcconfig"; sourceTree = "<group>"; };
		FD0C63D01E14395100F14C66 /* BoschAssignmt.app */ = {isa = PBXFileReference; explicitFileType = wrapper.application; includeInIndex = 0; path = BoschAssignmt.app; sourceTree = BUILT_PRODUCTS_DIR; };
		FD0C63D31E14395100F14C66 /* AppDelegate.swift */ = {isa = PBXFileReference; lastKnownFileType = sourcecode.swift; path = AppDelegate.swift; sourceTree = "<group>"; };
		FD0C63D51E14395100F14C66 /* ViewController.swift */ = {isa = PBXFileReference; lastKnownFileType = sourcecode.swift; path = ViewController.swift; sourceTree = "<group>"; };
		FD0C63D81E14395100F14C66 /* Base */ = {isa = PBXFileReference; lastKnownFileType = file.storyboard; name = Base; path = Base.lproj/Main.storyboard; sourceTree = "<group>"; };
		FD0C63DB1E14395100F14C66 /* BoschAssignmt.xcdatamodel */ = {isa = PBXFileReference; lastKnownFileType = wrapper.xcdatamodel; path = BoschAssignmt.xcdatamodel; sourceTree = "<group>"; };
		FD0C63DD1E14395100F14C66 /* Assets.xcassets */ = {isa = PBXFileReference; lastKnownFileType = folder.assetcatalog; path = Assets.xcassets; sourceTree = "<group>"; };
		FD0C63E01E14395100F14C66 /* Base */ = {isa = PBXFileReference; lastKnownFileType = file.storyboard; name = Base; path = Base.lproj/LaunchScreen.storyboard; sourceTree = "<group>"; };
		FD0C63E21E14395100F14C66 /* Info.plist */ = {isa = PBXFileReference; lastKnownFileType = text.plist.xml; path = Info.plist; sourceTree = "<group>"; };
		FD0C63E71E14395100F14C66 /* BoschAssignmtTests.xctest */ = {isa = PBXFileReference; explicitFileType = wrapper.cfbundle; includeInIndex = 0; path = BoschAssignmtTests.xctest; sourceTree = BUILT_PRODUCTS_DIR; };
		FD0C63EB1E14395100F14C66 /* BoschAssignmtTests.swift */ = {isa = PBXFileReference; lastKnownFileType = sourcecode.swift; path = BoschAssignmtTests.swift; sourceTree = "<group>"; };
		FD0C63ED1E14395100F14C66 /* Info.plist */ = {isa = PBXFileReference; lastKnownFileType = text.plist.xml; path = Info.plist; sourceTree = "<group>"; };
		FD0C63F21E14395100F14C66 /* BoschAssignmtUITests.xctest */ = {isa = PBXFileReference; explicitFileType = wrapper.cfbundle; includeInIndex = 0; path = BoschAssignmtUITests.xctest; sourceTree = BUILT_PRODUCTS_DIR; };
		FD0C63F61E14395100F14C66 /* BoschAssignmtUITests.swift */ = {isa = PBXFileReference; lastKnownFileType = sourcecode.swift; path = BoschAssignmtUITests.swift; sourceTree = "<group>"; };
		FD0C63F81E14395100F14C66 /* Info.plist */ = {isa = PBXFileReference; lastKnownFileType = text.plist.xml; path = Info.plist; sourceTree = "<group>"; };
		FD0C64041E16176800F14C66 /* DatabaseController.swift */ = {isa = PBXFileReference; fileEncoding = 4; lastKnownFileType = sourcecode.swift; path = DatabaseController.swift; sourceTree = "<group>"; };
		FD0C64151E1679D800F14C66 /* Admin+CoreDataClass.swift */ = {isa = PBXFileReference; fileEncoding = 4; lastKnownFileType = sourcecode.swift; path = "Admin+CoreDataClass.swift"; sourceTree = "<group>"; };
		FD0C64161E1679D800F14C66 /* Admin+CoreDataProperties.swift */ = {isa = PBXFileReference; fileEncoding = 4; lastKnownFileType = sourcecode.swift; path = "Admin+CoreDataProperties.swift"; sourceTree = "<group>"; };
		FD0C64171E1679D800F14C66 /* User+CoreDataClass.swift */ = {isa = PBXFileReference; fileEncoding = 4; lastKnownFileType = sourcecode.swift; path = "User+CoreDataClass.swift"; sourceTree = "<group>"; };
		FD0C64181E1679D800F14C66 /* User+CoreDataProperties.swift */ = {isa = PBXFileReference; fileEncoding = 4; lastKnownFileType = sourcecode.swift; path = "User+CoreDataProperties.swift"; sourceTree = "<group>"; };
		FD0C64191E1679D800F14C66 /* UserDetails+CoreDataClass.swift */ = {isa = PBXFileReference; fileEncoding = 4; lastKnownFileType = sourcecode.swift; path = "UserDetails+CoreDataClass.swift"; sourceTree = "<group>"; };
		FD0C641A1E1679D800F14C66 /* UserDetails+CoreDataProperties.swift */ = {isa = PBXFileReference; fileEncoding = 4; lastKnownFileType = sourcecode.swift; path = "UserDetails+CoreDataProperties.swift"; sourceTree = "<group>"; };
		FD0C64221E16955900F14C66 /* UserLoginViewController.swift */ = {isa = PBXFileReference; fileEncoding = 4; lastKnownFileType = sourcecode.swift; path = UserLoginViewController.swift; sourceTree = "<group>"; };
		FD0C64241E169ABB00F14C66 /* RegistrationViewController.swift */ = {isa = PBXFileReference; fileEncoding = 4; lastKnownFileType = sourcecode.swift; path = RegistrationViewController.swift; sourceTree = "<group>"; };
		FD0C64261E16D53D00F14C66 /* TruckMapViewController.swift */ = {isa = PBXFileReference; fileEncoding = 4; lastKnownFileType = sourcecode.swift; path = TruckMapViewController.swift; sourceTree = "<group>"; };
		FD0C642C1E18C8F700F14C66 /* UserRegistrationTableViewController.swift */ = {isa = PBXFileReference; fileEncoding = 4; lastKnownFileType = sourcecode.swift; path = UserRegistrationTableViewController.swift; sourceTree = "<group>"; };
		FD0C642E1E18DD7300F14C66 /* AdminUserSelectionViewController.swift */ = {isa = PBXFileReference; fileEncoding = 4; lastKnownFileType = sourcecode.swift; path = AdminUserSelectionViewController.swift; sourceTree = "<group>"; };
		FD0C64401E19875600F14C66 /* Run+CoreDataClass.swift */ = {isa = PBXFileReference; fileEncoding = 4; lastKnownFileType = sourcecode.swift; path = "Run+CoreDataClass.swift"; sourceTree = "<group>"; };
		FD0C64411E19875600F14C66 /* Run+CoreDataProperties.swift */ = {isa = PBXFileReference; fileEncoding = 4; lastKnownFileType = sourcecode.swift; path = "Run+CoreDataProperties.swift"; sourceTree = "<group>"; };
		FD0C64421E19875600F14C66 /* Location+CoreDataClass.swift */ = {isa = PBXFileReference; fileEncoding = 4; lastKnownFileType = sourcecode.swift; path = "Location+CoreDataClass.swift"; sourceTree = "<group>"; };
		FD0C64431E19875600F14C66 /* Location+CoreDataProperties.swift */ = {isa = PBXFileReference; fileEncoding = 4; lastKnownFileType = sourcecode.swift; path = "Location+CoreDataProperties.swift"; sourceTree = "<group>"; };
/* End PBXFileReference section */

/* Begin PBXFrameworksBuildPhase section */
		FD0C63CD1E14395100F14C66 /* Frameworks */ = {
			isa = PBXFrameworksBuildPhase;
			buildActionMask = 2147483647;
			files = (
				A435D739CA5EB86D2AB1155D /* Pods_BoschAssignmt.framework in Frameworks */,
			);
			runOnlyForDeploymentPostprocessing = 0;
		};
		FD0C63E41E14395100F14C66 /* Frameworks */ = {
			isa = PBXFrameworksBuildPhase;
			buildActionMask = 2147483647;
			files = (
				967F8666A497764CD3D14063 /* Pods_BoschAssignmtTests.framework in Frameworks */,
			);
			runOnlyForDeploymentPostprocessing = 0;
		};
		FD0C63EF1E14395100F14C66 /* Frameworks */ = {
			isa = PBXFrameworksBuildPhase;
			buildActionMask = 2147483647;
			files = (
				2FD9C5EF6BAFDEC7BE7C5898 /* Pods_BoschAssignmtUITests.framework in Frameworks */,
			);
			runOnlyForDeploymentPostprocessing = 0;
		};
/* End PBXFrameworksBuildPhase section */

/* Begin PBXGroup section */
		40C26FB7C0FA81265FDFED7C /* Frameworks */ = {
			isa = PBXGroup;
			children = (
				A6A5CBA46310932DF04753C2 /* Pods_BoschAssignmt.framework */,
				20B6BA1C4B98A8CC970B6D31 /* Pods_BoschAssignmtTests.framework */,
				398B6BB60A19A2C639D988F3 /* Pods_BoschAssignmtUITests.framework */,
			);
			name = Frameworks;
			sourceTree = "<group>";
		};
		D0D94D4DA8A61C9A2160C765 /* Pods */ = {
			isa = PBXGroup;
			children = (
				F8EC8660B377CDD821096EB8 /* Pods-BoschAssignmt.debug.xcconfig */,
				7B30E41744D0B3CD802F40ED /* Pods-BoschAssignmt.release.xcconfig */,
				1EAA4E5CF8487EE9E5D5A365 /* Pods-BoschAssignmtTests.debug.xcconfig */,
				8F9A92CA468989BFCED3F00D /* Pods-BoschAssignmtTests.release.xcconfig */,
				9370508CF04D58621AF447DD /* Pods-BoschAssignmtUITests.debug.xcconfig */,
				671BC25663F507230C1B9D8E /* Pods-BoschAssignmtUITests.release.xcconfig */,
			);
			name = Pods;
			sourceTree = "<group>";
		};
		FD0C63C71E14395100F14C66 = {
			isa = PBXGroup;
			children = (
				FD0C63D21E14395100F14C66 /* BoschAssignmt */,
				FD0C63EA1E14395100F14C66 /* BoschAssignmtTests */,
				FD0C63F51E14395100F14C66 /* BoschAssignmtUITests */,
				FD0C63D11E14395100F14C66 /* Products */,
				D0D94D4DA8A61C9A2160C765 /* Pods */,
				40C26FB7C0FA81265FDFED7C /* Frameworks */,
			);
			sourceTree = "<group>";
		};
		FD0C63D11E14395100F14C66 /* Products */ = {
			isa = PBXGroup;
			children = (
				FD0C63D01E14395100F14C66 /* BoschAssignmt.app */,
				FD0C63E71E14395100F14C66 /* BoschAssignmtTests.xctest */,
				FD0C63F21E14395100F14C66 /* BoschAssignmtUITests.xctest */,
			);
			name = Products;
			sourceTree = "<group>";
		};
		FD0C63D21E14395100F14C66 /* BoschAssignmt */ = {
			isa = PBXGroup;
			children = (
				FD0C64211E1690EE00F14C66 /* Coredata */,
				FD0C63D31E14395100F14C66 /* AppDelegate.swift */,
				FD0C63D51E14395100F14C66 /* ViewController.swift */,
				FD0C64221E16955900F14C66 /* UserLoginViewController.swift */,
				FD0C64241E169ABB00F14C66 /* RegistrationViewController.swift */,
				FD0C642C1E18C8F700F14C66 /* UserRegistrationTableViewController.swift */,
				FD0C63D71E14395100F14C66 /* Main.storyboard */,
				FD0C64041E16176800F14C66 /* DatabaseController.swift */,
				FD0C64261E16D53D00F14C66 /* TruckMapViewController.swift */,
				FD0C642E1E18DD7300F14C66 /* AdminUserSelectionViewController.swift */,
				FD0C63DD1E14395100F14C66 /* Assets.xcassets */,
				FD0C63DF1E14395100F14C66 /* LaunchScreen.storyboard */,
				FD0C63E21E14395100F14C66 /* Info.plist */,
				FD0C63DA1E14395100F14C66 /* BoschAssignmt.xcdatamodeld */,
			);
			path = BoschAssignmt;
			sourceTree = "<group>";
		};
		FD0C63EA1E14395100F14C66 /* BoschAssignmtTests */ = {
			isa = PBXGroup;
			children = (
				FD0C63EB1E14395100F14C66 /* BoschAssignmtTests.swift */,
				FD0C63ED1E14395100F14C66 /* Info.plist */,
			);
			path = BoschAssignmtTests;
			sourceTree = "<group>";
		};
		FD0C63F51E14395100F14C66 /* BoschAssignmtUITests */ = {
			isa = PBXGroup;
			children = (
				FD0C63F61E14395100F14C66 /* BoschAssignmtUITests.swift */,
				FD0C63F81E14395100F14C66 /* Info.plist */,
			);
			path = BoschAssignmtUITests;
			sourceTree = "<group>";
		};
		FD0C64211E1690EE00F14C66 /* Coredata */ = {
			isa = PBXGroup;
			children = (
				FD0C64401E19875600F14C66 /* Run+CoreDataClass.swift */,
				FD0C64411E19875600F14C66 /* Run+CoreDataProperties.swift */,
				FD0C64421E19875600F14C66 /* Location+CoreDataClass.swift */,
				FD0C64431E19875600F14C66 /* Location+CoreDataProperties.swift */,
				FD0C64151E1679D800F14C66 /* Admin+CoreDataClass.swift */,
				FD0C64161E1679D800F14C66 /* Admin+CoreDataProperties.swift */,
				FD0C64171E1679D800F14C66 /* User+CoreDataClass.swift */,
				FD0C64181E1679D800F14C66 /* User+CoreDataProperties.swift */,
				FD0C64191E1679D800F14C66 /* UserDetails+CoreDataClass.swift */,
				FD0C641A1E1679D800F14C66 /* UserDetails+CoreDataProperties.swift */,
			);
			name = Coredata;
			sourceTree = "<group>";
		};
/* End PBXGroup section */

/* Begin PBXNativeTarget section */
		FD0C63CF1E14395100F14C66 /* BoschAssignmt */ = {
			isa = PBXNativeTarget;
			buildConfigurationList = FD0C63FB1E14395100F14C66 /* Build configuration list for PBXNativeTarget "BoschAssignmt" */;
			buildPhases = (
				66115976F64BB0E012C99363 /* [CP] Check Pods Manifest.lock */,
				FD0C63CC1E14395100F14C66 /* Sources */,
				FD0C63CD1E14395100F14C66 /* Frameworks */,
				FD0C63CE1E14395100F14C66 /* Resources */,
				D2E9D6F8A78FA830A0EB585E /* [CP] Embed Pods Frameworks */,
				8EDB01A5AFEC176BAFDD37DE /* [CP] Copy Pods Resources */,
			);
			buildRules = (
			);
			dependencies = (
			);
			name = BoschAssignmt;
			productName = BoschAssignmt;
			productReference = FD0C63D01E14395100F14C66 /* BoschAssignmt.app */;
			productType = "com.apple.product-type.application";
		};
		FD0C63E61E14395100F14C66 /* BoschAssignmtTests */ = {
			isa = PBXNativeTarget;
			buildConfigurationList = FD0C63FE1E14395100F14C66 /* Build configuration list for PBXNativeTarget "BoschAssignmtTests" */;
			buildPhases = (
				A981EAD7F7D806A0D72BCCC5 /* [CP] Check Pods Manifest.lock */,
				FD0C63E31E14395100F14C66 /* Sources */,
				FD0C63E41E14395100F14C66 /* Frameworks */,
				FD0C63E51E14395100F14C66 /* Resources */,
				0A13E597E134266C9271E13C /* [CP] Embed Pods Frameworks */,
				CF4C5AE0E932C213F1BB621A /* [CP] Copy Pods Resources */,
			);
			buildRules = (
			);
			dependencies = (
				FD0C63E91E14395100F14C66 /* PBXTargetDependency */,
			);
			name = BoschAssignmtTests;
			productName = BoschAssignmtTests;
			productReference = FD0C63E71E14395100F14C66 /* BoschAssignmtTests.xctest */;
			productType = "com.apple.product-type.bundle.unit-test";
		};
		FD0C63F11E14395100F14C66 /* BoschAssignmtUITests */ = {
			isa = PBXNativeTarget;
			buildConfigurationList = FD0C64011E14395100F14C66 /* Build configuration list for PBXNativeTarget "BoschAssignmtUITests" */;
			buildPhases = (
				E0966879D00F75089388CC37 /* [CP] Check Pods Manifest.lock */,
				FD0C63EE1E14395100F14C66 /* Sources */,
				FD0C63EF1E14395100F14C66 /* Frameworks */,
				FD0C63F01E14395100F14C66 /* Resources */,
				D7430D6DD456499CB4498470 /* [CP] Embed Pods Frameworks */,
				92F052C311BC22321AD4E394 /* [CP] Copy Pods Resources */,
			);
			buildRules = (
			);
			dependencies = (
				FD0C63F41E14395100F14C66 /* PBXTargetDependency */,
			);
			name = BoschAssignmtUITests;
			productName = BoschAssignmtUITests;
			productReference = FD0C63F21E14395100F14C66 /* BoschAssignmtUITests.xctest */;
			productType = "com.apple.product-type.bundle.ui-testing";
		};
/* End PBXNativeTarget section */

/* Begin PBXProject section */
		FD0C63C81E14395100F14C66 /* Project object */ = {
			isa = PBXProject;
			attributes = {
				LastSwiftUpdateCheck = 0800;
				LastUpgradeCheck = 0800;
				ORGANIZATIONNAME = "Udit Ajmera";
				TargetAttributes = {
					FD0C63CF1E14395100F14C66 = {
						CreatedOnToolsVersion = 8.0;
						ProvisioningStyle = Automatic;
					};
					FD0C63E61E14395100F14C66 = {
						CreatedOnToolsVersion = 8.0;
						ProvisioningStyle = Automatic;
						TestTargetID = FD0C63CF1E14395100F14C66;
					};
					FD0C63F11E14395100F14C66 = {
						CreatedOnToolsVersion = 8.0;
						ProvisioningStyle = Automatic;
						TestTargetID = FD0C63CF1E14395100F14C66;
					};
				};
			};
			buildConfigurationList = FD0C63CB1E14395100F14C66 /* Build configuration list for PBXProject "BoschAssignmt" */;
			compatibilityVersion = "Xcode 3.2";
			developmentRegion = English;
			hasScannedForEncodings = 0;
			knownRegions = (
				en,
				Base,
			);
			mainGroup = FD0C63C71E14395100F14C66;
			productRefGroup = FD0C63D11E14395100F14C66 /* Products */;
			projectDirPath = "";
			projectRoot = "";
			targets = (
				FD0C63CF1E14395100F14C66 /* BoschAssignmt */,
				FD0C63E61E14395100F14C66 /* BoschAssignmtTests */,
				FD0C63F11E14395100F14C66 /* BoschAssignmtUITests */,
			);
		};
/* End PBXProject section */

/* Begin PBXResourcesBuildPhase section */
		FD0C63CE1E14395100F14C66 /* Resources */ = {
			isa = PBXResourcesBuildPhase;
			buildActionMask = 2147483647;
			files = (
				FD0C63E11E14395100F14C66 /* LaunchScreen.storyboard in Resources */,
				FD0C63DE1E14395100F14C66 /* Assets.xcassets in Resources */,
				FD0C63D91E14395100F14C66 /* Main.storyboard in Resources */,
			);
			runOnlyForDeploymentPostprocessing = 0;
		};
		FD0C63E51E14395100F14C66 /* Resources */ = {
			isa = PBXResourcesBuildPhase;
			buildActionMask = 2147483647;
			files = (
			);
			runOnlyForDeploymentPostprocessing = 0;
		};
		FD0C63F01E14395100F14C66 /* Resources */ = {
			isa = PBXResourcesBuildPhase;
			buildActionMask = 2147483647;
			files = (
			);
			runOnlyForDeploymentPostprocessing = 0;
		};
/* End PBXResourcesBuildPhase section */

/* Begin PBXShellScriptBuildPhase section */
		0A13E597E134266C9271E13C /* [CP] Embed Pods Frameworks */ = {
			isa = PBXShellScriptBuildPhase;
			buildActionMask = 2147483647;
			files = (
			);
			inputPaths = (
			);
			name = "[CP] Embed Pods Frameworks";
			outputPaths = (
			);
			runOnlyForDeploymentPostprocessing = 0;
			shellPath = /bin/sh;
			shellScript = "\"${SRCROOT}/Pods/Target Support Files/Pods-BoschAssignmtTests/Pods-BoschAssignmtTests-frameworks.sh\"\n";
			showEnvVarsInLog = 0;
		};
		66115976F64BB0E012C99363 /* [CP] Check Pods Manifest.lock */ = {
			isa = PBXShellScriptBuildPhase;
			buildActionMask = 2147483647;
			files = (
			);
			inputPaths = (
			);
			name = "[CP] Check Pods Manifest.lock";
			outputPaths = (
			);
			runOnlyForDeploymentPostprocessing = 0;
			shellPath = /bin/sh;
			shellScript = "diff \"${PODS_ROOT}/../Podfile.lock\" \"${PODS_ROOT}/Manifest.lock\" > /dev/null\nif [ $? != 0 ] ; then\n    # print error to STDERR\n    echo \"error: The sandbox is not in sync with the Podfile.lock. Run 'pod install' or update your CocoaPods installation.\" >&2\n    exit 1\nfi\n";
			showEnvVarsInLog = 0;
		};
		8EDB01A5AFEC176BAFDD37DE /* [CP] Copy Pods Resources */ = {
			isa = PBXShellScriptBuildPhase;
			buildActionMask = 2147483647;
			files = (
			);
			inputPaths = (
			);
			name = "[CP] Copy Pods Resources";
			outputPaths = (
			);
			runOnlyForDeploymentPostprocessing = 0;
			shellPath = /bin/sh;
			shellScript = "\"${SRCROOT}/Pods/Target Support Files/Pods-BoschAssignmt/Pods-BoschAssignmt-resources.sh\"\n";
			showEnvVarsInLog = 0;
		};
		92F052C311BC22321AD4E394 /* [CP] Copy Pods Resources */ = {
			isa = PBXShellScriptBuildPhase;
			buildActionMask = 2147483647;
			files = (
			);
			inputPaths = (
			);
			name = "[CP] Copy Pods Resources";
			outputPaths = (
			);
			runOnlyForDeploymentPostprocessing = 0;
			shellPath = /bin/sh;
			shellScript = "\"${SRCROOT}/Pods/Target Support Files/Pods-BoschAssignmtUITests/Pods-BoschAssignmtUITests-resources.sh\"\n";
			showEnvVarsInLog = 0;
		};
		A981EAD7F7D806A0D72BCCC5 /* [CP] Check Pods Manifest.lock */ = {
			isa = PBXShellScriptBuildPhase;
			buildActionMask = 2147483647;
			files = (
			);
			inputPaths = (
			);
			name = "[CP] Check Pods Manifest.lock";
			outputPaths = (
			);
			runOnlyForDeploymentPostprocessing = 0;
			shellPath = /bin/sh;
			shellScript = "diff \"${PODS_ROOT}/../Podfile.lock\" \"${PODS_ROOT}/Manifest.lock\" > /dev/null\nif [ $? != 0 ] ; then\n    # print error to STDERR\n    echo \"error: The sandbox is not in sync with the Podfile.lock. Run 'pod install' or update your CocoaPods installation.\" >&2\n    exit 1\nfi\n";
			showEnvVarsInLog = 0;
		};
		CF4C5AE0E932C213F1BB621A /* [CP] Copy Pods Resources */ = {
			isa = PBXShellScriptBuildPhase;
			buildActionMask = 2147483647;
			files = (
			);
			inputPaths = (
			);
			name = "[CP] Copy Pods Resources";
			outputPaths = (
			);
			runOnlyForDeploymentPostprocessing = 0;
			shellPath = /bin/sh;
			shellScript = "\"${SRCROOT}/Pods/Target Support Files/Pods-BoschAssignmtTests/Pods-BoschAssignmtTests-resources.sh\"\n";
			showEnvVarsInLog = 0;
		};
		D2E9D6F8A78FA830A0EB585E /* [CP] Embed Pods Frameworks */ = {
			isa = PBXShellScriptBuildPhase;
			buildActionMask = 2147483647;
			files = (
			);
			inputPaths = (
			);
			name = "[CP] Embed Pods Frameworks";
			outputPaths = (
			);
			runOnlyForDeploymentPostprocessing = 0;
			shellPath = /bin/sh;
			shellScript = "\"${SRCROOT}/Pods/Target Support Files/Pods-BoschAssignmt/Pods-BoschAssignmt-frameworks.sh\"\n";
			showEnvVarsInLog = 0;
		};
		D7430D6DD456499CB4498470 /* [CP] Embed Pods Frameworks */ = {
			isa = PBXShellScriptBuildPhase;
			buildActionMask = 2147483647;
			files = (
			);
			inputPaths = (
			);
			name = "[CP] Embed Pods Frameworks";
			outputPaths = (
			);
			runOnlyForDeploymentPostprocessing = 0;
			shellPath = /bin/sh;
			shellScript = "\"${SRCROOT}/Pods/Target Support Files/Pods-BoschAssignmtUITests/Pods-BoschAssignmtUITests-frameworks.sh\"\n";
			showEnvVarsInLog = 0;
		};
		E0966879D00F75089388CC37 /* [CP] Check Pods Manifest.lock */ = {
			isa = PBXShellScriptBuildPhase;
			buildActionMask = 2147483647;
			files = (
			);
			inputPaths = (
			);
			name = "[CP] Check Pods Manifest.lock";
			outputPaths = (
			);
			runOnlyForDeploymentPostprocessing = 0;
			shellPath = /bin/sh;
			shellScript = "diff \"${PODS_ROOT}/../Podfile.lock\" \"${PODS_ROOT}/Manifest.lock\" > /dev/null\nif [ $? != 0 ] ; then\n    # print error to STDERR\n    echo \"error: The sandbox is not in sync with the Podfile.lock. Run 'pod install' or update your CocoaPods installation.\" >&2\n    exit 1\nfi\n";
			showEnvVarsInLog = 0;
		};
/* End PBXShellScriptBuildPhase section */

/* Begin PBXSourcesBuildPhase section */
		FD0C63CC1E14395100F14C66 /* Sources */ = {
			isa = PBXSourcesBuildPhase;
			buildActionMask = 2147483647;
			files = (
				FD0C64051E16176800F14C66 /* DatabaseController.swift in Sources */,
				FD0C64231E16955900F14C66 /* UserLoginViewController.swift in Sources */,
				FD0C641F1E1679D800F14C66 /* UserDetails+CoreDataClass.swift in Sources */,
				FD0C642D1E18C8F700F14C66 /* UserRegistrationTableViewController.swift in Sources */,
				FD0C63D61E14395100F14C66 /* ViewController.swift in Sources */,
				FD0C64451E19875600F14C66 /* Run+CoreDataProperties.swift in Sources */,
				FD0C64461E19875600F14C66 /* Location+CoreDataClass.swift in Sources */,
				FD0C64201E1679D800F14C66 /* UserDetails+CoreDataProperties.swift in Sources */,
				FD0C642F1E18DD7300F14C66 /* AdminUserSelectionViewController.swift in Sources */,
				FD0C641E1E1679D800F14C66 /* User+CoreDataProperties.swift in Sources */,
				FD0C64251E169ABB00F14C66 /* RegistrationViewController.swift in Sources */,
				FD0C64471E19875600F14C66 /* Location+CoreDataProperties.swift in Sources */,
				FD0C63DC1E14395100F14C66 /* BoschAssignmt.xcdatamodeld in Sources */,
				FD0C63D41E14395100F14C66 /* AppDelegate.swift in Sources */,
				FD0C64441E19875600F14C66 /* Run+CoreDataClass.swift in Sources */,
				FD0C641B1E1679D800F14C66 /* Admin+CoreDataClass.swift in Sources */,
				FD0C641C1E1679D800F14C66 /* Admin+CoreDataProperties.swift in Sources */,
				FD0C641D1E1679D800F14C66 /* User+CoreDataClass.swift in Sources */,
				FD0C64271E16D53D00F14C66 /* TruckMapViewController.swift in Sources */,
			);
			runOnlyForDeploymentPostprocessing = 0;
		};
		FD0C63E31E14395100F14C66 /* Sources */ = {
			isa = PBXSourcesBuildPhase;
			buildActionMask = 2147483647;
			files = (
				FD0C63EC1E14395100F14C66 /* BoschAssignmtTests.swift in Sources */,
			);
			runOnlyForDeploymentPostprocessing = 0;
		};
		FD0C63EE1E14395100F14C66 /* Sources */ = {
			isa = PBXSourcesBuildPhase;
			buildActionMask = 2147483647;
			files = (
				FD0C63F71E14395100F14C66 /* BoschAssignmtUITests.swift in Sources */,
			);
			runOnlyForDeploymentPostprocessing = 0;
		};
/* End PBXSourcesBuildPhase section */

/* Begin PBXTargetDependency section */
		FD0C63E91E14395100F14C66 /* PBXTargetDependency */ = {
			isa = PBXTargetDependency;
			target = FD0C63CF1E14395100F14C66 /* BoschAssignmt */;
			targetProxy = FD0C63E81E14395100F14C66 /* PBXContainerItemProxy */;
		};
		FD0C63F41E14395100F14C66 /* PBXTargetDependency */ = {
			isa = PBXTargetDependency;
			target = FD0C63CF1E14395100F14C66 /* BoschAssignmt */;
			targetProxy = FD0C63F31E14395100F14C66 /* PBXContainerItemProxy */;
		};
/* End PBXTargetDependency section */

/* Begin PBXVariantGroup section */
		FD0C63D71E14395100F14C66 /* Main.storyboard */ = {
			isa = PBXVariantGroup;
			children = (
				FD0C63D81E14395100F14C66 /* Base */,
			);
			name = Main.storyboard;
			sourceTree = "<group>";
		};
		FD0C63DF1E14395100F14C66 /* LaunchScreen.storyboard */ = {
			isa = PBXVariantGroup;
			children = (
				FD0C63E01E14395100F14C66 /* Base */,
			);
			name = LaunchScreen.storyboard;
			sourceTree = "<group>";
		};
/* End PBXVariantGroup section */

/* Begin XCBuildConfiguration section */
		FD0C63F91E14395100F14C66 /* Debug */ = {
			isa = XCBuildConfiguration;
			buildSettings = {
				ALWAYS_SEARCH_USER_PATHS = NO;
				CLANG_ANALYZER_NONNULL = YES;
				CLANG_CXX_LANGUAGE_STANDARD = "gnu++0x";
				CLANG_CXX_LIBRARY = "libc++";
				CLANG_ENABLE_MODULES = YES;
				CLANG_ENABLE_OBJC_ARC = YES;
				CLANG_WARN_BOOL_CONVERSION = YES;
				CLANG_WARN_CONSTANT_CONVERSION = YES;
				CLANG_WARN_DIRECT_OBJC_ISA_USAGE = YES_ERROR;
				CLANG_WARN_DOCUMENTATION_COMMENTS = YES;
				CLANG_WARN_EMPTY_BODY = YES;
				CLANG_WARN_ENUM_CONVERSION = YES;
				CLANG_WARN_INFINITE_RECURSION = YES;
				CLANG_WARN_INT_CONVERSION = YES;
				CLANG_WARN_OBJC_ROOT_CLASS = YES_ERROR;
				CLANG_WARN_SUSPICIOUS_MOVES = YES;
				CLANG_WARN_UNREACHABLE_CODE = YES;
				CLANG_WARN__DUPLICATE_METHOD_MATCH = YES;
				"CODE_SIGN_IDENTITY[sdk=iphoneos*]" = "iPhone Developer";
				COPY_PHASE_STRIP = NO;
				DEBUG_INFORMATION_FORMAT = dwarf;
				ENABLE_STRICT_OBJC_MSGSEND = YES;
				ENABLE_TESTABILITY = YES;
				GCC_C_LANGUAGE_STANDARD = gnu99;
				GCC_DYNAMIC_NO_PIC = NO;
				GCC_NO_COMMON_BLOCKS = YES;
				GCC_OPTIMIZATION_LEVEL = 0;
				GCC_PREPROCESSOR_DEFINITIONS = (
					"DEBUG=1",
					"$(inherited)",
				);
				GCC_WARN_64_TO_32_BIT_CONVERSION = YES;
				GCC_WARN_ABOUT_RETURN_TYPE = YES_ERROR;
				GCC_WARN_UNDECLARED_SELECTOR = YES;
				GCC_WARN_UNINITIALIZED_AUTOS = YES_AGGRESSIVE;
				GCC_WARN_UNUSED_FUNCTION = YES;
				GCC_WARN_UNUSED_VARIABLE = YES;
				IPHONEOS_DEPLOYMENT_TARGET = 10.0;
				MTL_ENABLE_DEBUG_INFO = YES;
				ONLY_ACTIVE_ARCH = YES;
				SDKROOT = iphoneos;
				SWIFT_ACTIVE_COMPILATION_CONDITIONS = DEBUG;
				SWIFT_OPTIMIZATION_LEVEL = "-Onone";
				TARGETED_DEVICE_FAMILY = "1,2";
			};
			name = Debug;
		};
		FD0C63FA1E14395100F14C66 /* Release */ = {
			isa = XCBuildConfiguration;
			buildSettings = {
				ALWAYS_SEARCH_USER_PATHS = NO;
				CLANG_ANALYZER_NONNULL = YES;
				CLANG_CXX_LANGUAGE_STANDARD = "gnu++0x";
				CLANG_CXX_LIBRARY = "libc++";
				CLANG_ENABLE_MODULES = YES;
				CLANG_ENABLE_OBJC_ARC = YES;
				CLANG_WARN_BOOL_CONVERSION = YES;
				CLANG_WARN_CONSTANT_CONVERSION = YES;
				CLANG_WARN_DIRECT_OBJC_ISA_USAGE = YES_ERROR;
				CLANG_WARN_DOCUMENTATION_COMMENTS = YES;
				CLANG_WARN_EMPTY_BODY = YES;
				CLANG_WARN_ENUM_CONVERSION = YES;
				CLANG_WARN_INFINITE_RECURSION = YES;
				CLANG_WARN_INT_CONVERSION = YES;
				CLANG_WARN_OBJC_ROOT_CLASS = YES_ERROR;
				CLANG_WARN_SUSPICIOUS_MOVES = YES;
				CLANG_WARN_UNREACHABLE_CODE = YES;
				CLANG_WARN__DUPLICATE_METHOD_MATCH = YES;
				"CODE_SIGN_IDENTITY[sdk=iphoneos*]" = "iPhone Developer";
				COPY_PHASE_STRIP = NO;
				DEBUG_INFORMATION_FORMAT = "dwarf-with-dsym";
				ENABLE_NS_ASSERTIONS = NO;
				ENABLE_STRICT_OBJC_MSGSEND = YES;
				GCC_C_LANGUAGE_STANDARD = gnu99;
				GCC_NO_COMMON_BLOCKS = YES;
				GCC_WARN_64_TO_32_BIT_CONVERSION = YES;
				GCC_WARN_ABOUT_RETURN_TYPE = YES_ERROR;
				GCC_WARN_UNDECLARED_SELECTOR = YES;
				GCC_WARN_UNINITIALIZED_AUTOS = YES_AGGRESSIVE;
				GCC_WARN_UNUSED_FUNCTION = YES;
				GCC_WARN_UNUSED_VARIABLE = YES;
				IPHONEOS_DEPLOYMENT_TARGET = 10.0;
				MTL_ENABLE_DEBUG_INFO = NO;
				SDKROOT = iphoneos;
				SWIFT_OPTIMIZATION_LEVEL = "-Owholemodule";
				TARGETED_DEVICE_FAMILY = "1,2";
				VALIDATE_PRODUCT = YES;
			};
			name = Release;
		};
		FD0C63FC1E14395100F14C66 /* Debug */ = {
			isa = XCBuildConfiguration;
			baseConfigurationReference = F8EC8660B377CDD821096EB8 /* Pods-BoschAssignmt.debug.xcconfig */;
			buildSettings = {
				ASSETCATALOG_COMPILER_APPICON_NAME = AppIcon;
				INFOPLIST_FILE = BoschAssignmt/Info.plist;
				LD_RUNPATH_SEARCH_PATHS = "$(inherited) @executable_path/Frameworks";
				PRODUCT_BUNDLE_IDENTIFIER = UA.BoschAssignmt;
				PRODUCT_NAME = "$(TARGET_NAME)";
				SWIFT_VERSION = 3.0;
			};
			name = Debug;
		};
		FD0C63FD1E14395100F14C66 /* Release */ = {
			isa = XCBuildConfiguration;
			baseConfigurationReference = 7B30E41744D0B3CD802F40ED /* Pods-BoschAssignmt.release.xcconfig */;
			buildSettings = {
				ASSETCATALOG_COMPILER_APPICON_NAME = AppIcon;
				INFOPLIST_FILE = BoschAssignmt/Info.plist;
				LD_RUNPATH_SEARCH_PATHS = "$(inherited) @executable_path/Frameworks";
				PRODUCT_BUNDLE_IDENTIFIER = UA.BoschAssignmt;
				PRODUCT_NAME = "$(TARGET_NAME)";
				SWIFT_VERSION = 3.0;
			};
			name = Release;
		};
		FD0C63FF1E14395100F14C66 /* Debug */ = {
			isa = XCBuildConfiguration;
			baseConfigurationReference = 1EAA4E5CF8487EE9E5D5A365 /* Pods-BoschAssignmtTests.debug.xcconfig */;
			buildSettings = {
				ALWAYS_EMBED_SWIFT_STANDARD_LIBRARIES = YES;
				BUNDLE_LOADER = "$(TEST_HOST)";
				INFOPLIST_FILE = BoschAssignmtTests/Info.plist;
				LD_RUNPATH_SEARCH_PATHS = "$(inherited) @executable_path/Frameworks @loader_path/Frameworks";
				PRODUCT_BUNDLE_IDENTIFIER = UA.BoschAssignmtTests;
				PRODUCT_NAME = "$(TARGET_NAME)";
				SWIFT_VERSION = 3.0;
				TEST_HOST = "$(BUILT_PRODUCTS_DIR)/BoschAssignmt.app/BoschAssignmt";
			};
			name = Debug;
		};
		FD0C64001E14395100F14C66 /* Release */ = {
			isa = XCBuildConfiguration;
			baseConfigurationReference = 8F9A92CA468989BFCED3F00D /* Pods-BoschAssignmtTests.release.xcconfig */;
			buildSettings = {
				ALWAYS_EMBED_SWIFT_STANDARD_LIBRARIES = YES;
				BUNDLE_LOADER = "$(TEST_HOST)";
				INFOPLIST_FILE = BoschAssignmtTests/Info.plist;
				LD_RUNPATH_SEARCH_PATHS = "$(inherited) @executable_path/Frameworks @loader_path/Frameworks";
				PRODUCT_BUNDLE_IDENTIFIER = UA.BoschAssignmtTests;
				PRODUCT_NAME = "$(TARGET_NAME)";
				SWIFT_VERSION = 3.0;
				TEST_HOST = "$(BUILT_PRODUCTS_DIR)/BoschAssignmt.app/BoschAssignmt";
			};
			name = Release;
		};
		FD0C64021E14395100F14C66 /* Debug */ = {
			isa = XCBuildConfiguration;
			baseConfigurationReference = 9370508CF04D58621AF447DD /* Pods-BoschAssignmtUITests.debug.xcconfig */;
			buildSettings = {
				ALWAYS_EMBED_SWIFT_STANDARD_LIBRARIES = YES;
				INFOPLIST_FILE = BoschAssignmtUITests/Info.plist;
				LD_RUNPATH_SEARCH_PATHS = "$(inherited) @executable_path/Frameworks @loader_path/Frameworks";
				PRODUCT_BUNDLE_IDENTIFIER = UA.BoschAssignmtUITests;
				PRODUCT_NAME = "$(TARGET_NAME)";
				SWIFT_VERSION = 3.0;
				TEST_TARGET_NAME = BoschAssignmt;
			};
			name = Debug;
		};
		FD0C64031E14395100F14C66 /* Release */ = {
			isa = XCBuildConfiguration;
			baseConfigurationReference = 671BC25663F507230C1B9D8E /* Pods-BoschAssignmtUITests.release.xcconfig */;
			buildSettings = {
				ALWAYS_EMBED_SWIFT_STANDARD_LIBRARIES = YES;
				INFOPLIST_FILE = BoschAssignmtUITests/Info.plist;
				LD_RUNPATH_SEARCH_PATHS = "$(inherited) @executable_path/Frameworks @loader_path/Frameworks";
				PRODUCT_BUNDLE_IDENTIFIER = UA.BoschAssignmtUITests;
				PRODUCT_NAME = "$(TARGET_NAME)";
				SWIFT_VERSION = 3.0;
				TEST_TARGET_NAME = BoschAssignmt;
			};
			name = Release;
		};
/* End XCBuildConfiguration section */

/* Begin XCConfigurationList section */
		FD0C63CB1E14395100F14C66 /* Build configuration list for PBXProject "BoschAssignmt" */ = {
			isa = XCConfigurationList;
			buildConfigurations = (
				FD0C63F91E14395100F14C66 /* Debug */,
				FD0C63FA1E14395100F14C66 /* Release */,
			);
			defaultConfigurationIsVisible = 0;
			defaultConfigurationName = Release;
		};
		FD0C63FB1E14395100F14C66 /* Build configuration list for PBXNativeTarget "BoschAssignmt" */ = {
			isa = XCConfigurationList;
			buildConfigurations = (
				FD0C63FC1E14395100F14C66 /* Debug */,
				FD0C63FD1E14395100F14C66 /* Release */,
			);
			defaultConfigurationIsVisible = 0;
			defaultConfigurationName = Release;
		};
		FD0C63FE1E14395100F14C66 /* Build configuration list for PBXNativeTarget "BoschAssignmtTests" */ = {
			isa = XCConfigurationList;
			buildConfigurations = (
				FD0C63FF1E14395100F14C66 /* Debug */,
				FD0C64001E14395100F14C66 /* Release */,
			);
			defaultConfigurationIsVisible = 0;
			defaultConfigurationName = Release;
		};
		FD0C64011E14395100F14C66 /* Build configuration list for PBXNativeTarget "BoschAssignmtUITests" */ = {
			isa = XCConfigurationList;
			buildConfigurations = (
				FD0C64021E14395100F14C66 /* Debug */,
				FD0C64031E14395100F14C66 /* Release */,
			);
			defaultConfigurationIsVisible = 0;
			defaultConfigurationName = Release;
		};
/* End XCConfigurationList section */

/* Begin XCVersionGroup section */
		FD0C63DA1E14395100F14C66 /* BoschAssignmt.xcdatamodeld */ = {
			isa = XCVersionGroup;
			children = (
				FD0C63DB1E14395100F14C66 /* BoschAssignmt.xcdatamodel */,
			);
			currentVersion = FD0C63DB1E14395100F14C66 /* BoschAssignmt.xcdatamodel */;
			path = BoschAssignmt.xcdatamodeld;
			sourceTree = "<group>";
			versionGroupType = wrapper.xcdatamodel;
		};
/* End XCVersionGroup section */
	};
	rootObject = FD0C63C81E14395100F14C66 /* Project object */;
}
